PODS:
  - CountryPickerView (3.0.5)

DEPENDENCIES:
  - CountryPickerView (from `../`)

EXTERNAL SOURCES:
  CountryPickerView:
    :path: "../"

SPEC CHECKSUMS:
  CountryPickerView: d9021722c6d77dc34647724e542ffd4d469a4f2b

PODFILE CHECKSUM: 649829ad9a32abd953e33364dc48a4a40a615047

COCOAPODS: 1.8.4
